github.com/TsukiGva2/pfn v0.0.0-20210629005011-ccba058e1201 h1:S1exMsqgsabr2vWySgjlB3VQ2S+/PEJjWtdCiNTtyGo=
github.com/TsukiGva2/pfn v0.0.0-20210629005011-ccba058e1201/go.mod h1:Ce3SO9dG34piMfBu8jaVJeFWEnnpDqNQ3NnGZaL6rCk=
github.com/TsukiGva2/pfn v0.0.0-20210629011438-95bb34c3f661 h1:iVRllPZG12uFoQ0AsaOWu7waWfYtot82lKg+RsTxZjs=
github.com/TsukiGva2/pfn v0.0.0-20210629011438-95bb34c3f661/go.mod h1:Ce3SO9dG34piMfBu8jaVJeFWEnnpDqNQ3NnGZaL6rCk=
github.com/TsukiGva2/pfn v0.0.0-20210629125230-1a891330e6c1 h1:eQSq5xnRq06jxrnqP58yQpymwvS4MiBY+MAEsU//G+U=
github.com/TsukiGva2/pfn v0.0.0-20210629125230-1a891330e6c1/go.mod h1:Ce3SO9dG34piMfBu8jaVJeFWEnnpDqNQ3NnGZaL6rCk=
github.com/TsukiGva2/pfn v0.0.0-20210630204734-18c0a8ad1d01 h1:0IhNbaHZJhvAEZoBRPcg7u6N2KGJe6v5v/TlQrfZe9U=
github.com/TsukiGva2/pfn v0.0.0-20210630204734-18c0a8ad1d01/go.mod h1:Ce3SO9dG34piMfBu8jaVJeFWEnnpDqNQ3NnGZaL6rCk=
github.com/TsukiGva2/pfn v0.0.0-20210630210501-f1a647f61c0f h1:o/LWBDwLgSq9fr+KiSY9pPcmqdN2VwkiLIDm2LJxZgw=
github.com/TsukiGva2/pfn v0.0.0-20210630210501-f1a647f61c0f/go.mod h1:Ce3SO9dG34piMfBu8jaVJeFWEnnpDqNQ3NnGZaL6rCk=
github.com/TsukiGva2/pfn v0.0.0-20210703155044-3aee475de218 h1:cPNYFeORNCiM64Xf0ETPv88H5jUPi+6e+rUVqqdaR54=
github.com/TsukiGva2/pfn v0.0.0-20210703155044-3aee475de218/go.mod h1:Ce3SO9dG34piMfBu8jaVJeFWEnnpDqNQ3NnGZaL6rCk=
github.com/TsukiGva2/pfn v0.0.0-20210703162859-9ec2d34a9c8e h1:8jbjj2bkpfTJs2P7/rwuTQtIefpxho1XEY1hmYeh2Hs=
github.com/TsukiGva2/pfn v0.0.0-20210703162859-9ec2d34a9c8e/go.mod h1:Ce3SO9dG34piMfBu8jaVJeFWEnnpDqNQ3NnGZaL6rCk=
github.com/TsukiGva2/pfn v0.0.0-20210706221203-b49e54143789 h1:iyG+l29uqLQO5xFUkKG7swzTAUkMS/Ku2AWJ1so5b5w=
github.com/TsukiGva2/pfn v0.0.0-20210706221203-b49e54143789/go.mod h1:Ce3SO9dG34piMfBu8jaVJeFWEnnpDqNQ3NnGZaL6rCk=
github.com/TsukiGva2/pfn v0.0.0-20210711204014-e6108f473c97 h1:qDHzmnSybsP+Q5T+gcwMSmx92e94DSyu3pCqph+Cs34=
github.com/TsukiGva2/pfn v0.0.0-20210711204014-e6108f473c97/go.mod h1:Ce3SO9dG34piMfBu8jaVJeFWEnnpDqNQ3NnGZaL6rCk=
github.com/TsukiGva2/pfn v0.0.0-20210801220019-b48463a595b6 h1:BDfyM5KdteXqWA7oBfYpT4eTJ/9Buns10iW2i7+1cR8=
github.com/TsukiGva2/pfn v0.0.0-20210801220019-b48463a595b6/go.mod h1:Ce3SO9dG34piMfBu8jaVJeFWEnnpDqNQ3NnGZaL6rCk=
